{
  "object": {
    "pins": [
      {
        "package": "SimplePing",
        "repositoryURL": "https://github.com/IGRSoft/SimplePing.git",
        "state": {
          "branch": null,
          "revision": "ab77a26c783d5d9f5922dc9e3e5ec7fb95c89ddd",
          "version": "0.0.2"
        }
      }
    ]
  },
  "version": 1
}
