{
  "object": {
    "pins": [
      {
        "package": "SimplePing",
        "repositoryURL": "https://github.com/IGRSoft/SimplePing.git",
        "state": {
          "branch": null,
          "revision": "cbce62d9a9b257ddaa5ea81e2abf73909faa994c",
          "version": "0.0.1"
        }
      },
      {
        "package": "SimpleTracer",
        "repositoryURL": "https://github.com/IGRSoft/SimpleTracer",
        "state": {
          "branch": "master",
          "revision": "3303f8a154fb648d213f23cef8ba563d2be21877",
          "version": null
        }
      }
    ]
  },
  "version": 1
}
